// !$*UTF8*$!
{
	archiveVersion = 1;
	classes = {
	};
	objectVersion = 46;
	objects = {

/* Begin PBXBuildFile section */
		2549749D1A866091000DBF06 /* AppDelegate.m in Sources */ = {isa = PBXBuildFile; fileRef = 2549749C1A866091000DBF06 /* AppDelegate.m */; };
		2549749F1A866091000DBF06 /* main.m in Sources */ = {isa = PBXBuildFile; fileRef = 2549749E1A866091000DBF06 /* main.m */; };
		254974A21A866091000DBF06 /* GameView.m in Sources */ = {isa = PBXBuildFile; fileRef = 254974A11A866091000DBF06 /* GameView.m */; };
		254974A51A866091000DBF06 /* GameViewController.m in Sources */ = {isa = PBXBuildFile; fileRef = 254974A41A866091000DBF06 /* GameViewController.m */; };
		254974A71A866091000DBF06 /* art.scnassets in Resources */ = {isa = PBXBuildFile; fileRef = 254974A61A866091000DBF06 /* art.scnassets */; };
		254974A91A866091000DBF06 /* Images.xcassets in Resources */ = {isa = PBXBuildFile; fileRef = 254974A81A866091000DBF06 /* Images.xcassets */; };
		254974AC1A866091000DBF06 /* MainMenu.xib in Resources */ = {isa = PBXBuildFile; fileRef = 254974AA1A866091000DBF06 /* MainMenu.xib */; };
		254974B81A866091000DBF06 /* Tap_MacTests.m in Sources */ = {isa = PBXBuildFile; fileRef = 254974B71A866091000DBF06 /* Tap_MacTests.m */; };
/* End PBXBuildFile section */

/* Begin PBXContainerItemProxy section */
		254974B21A866091000DBF06 /* PBXContainerItemProxy */ = {
			isa = PBXContainerItemProxy;
			containerPortal = 2549748E1A866090000DBF06 /* Project object */;
			proxyType = 1;
			remoteGlobalIDString = 254974951A866090000DBF06;
			remoteInfo = "Tap-Mac";
		};
/* End PBXContainerItemProxy section */

/* Begin PBXFileReference section */
		254974961A866091000DBF06 /* Tap-Mac.app */ = {isa = PBXFileReference; explicitFileType = wrapper.application; includeInIndex = 0; path = "Tap-Mac.app"; sourceTree = BUILT_PRODUCTS_DIR; };
		2549749A1A866091000DBF06 /* Info.plist */ = {isa = PBXFileReference; lastKnownFileType = text.plist.xml; path = Info.plist; sourceTree = "<group>"; };
		2549749B1A866091000DBF06 /* AppDelegate.h */ = {isa = PBXFileReference; lastKnownFileType = sourcecode.c.h; path = AppDelegate.h; sourceTree = "<group>"; };
		2549749C1A866091000DBF06 /* AppDelegate.m */ = {isa = PBXFileReference; lastKnownFileType = sourcecode.c.objc; path = AppDelegate.m; sourceTree = "<group>"; };
		2549749E1A866091000DBF06 /* main.m */ = {isa = PBXFileReference; lastKnownFileType = sourcecode.c.objc; path = main.m; sourceTree = "<group>"; };
		254974A01A866091000DBF06 /* GameView.h */ = {isa = PBXFileReference; lastKnownFileType = sourcecode.c.h; path = GameView.h; sourceTree = "<group>"; };
		254974A11A866091000DBF06 /* GameView.m */ = {isa = PBXFileReference; lastKnownFileType = sourcecode.c.objc; path = GameView.m; sourceTree = "<group>"; };
		254974A31A866091000DBF06 /* GameViewController.h */ = {isa = PBXFileReference; lastKnownFileType = sourcecode.c.h; path = GameViewController.h; sourceTree = "<group>"; };
		254974A41A866091000DBF06 /* GameViewController.m */ = {isa = PBXFileReference; lastKnownFileType = sourcecode.c.objc; path = GameViewController.m; sourceTree = "<group>"; };
		254974A61A866091000DBF06 /* art.scnassets */ = {isa = PBXFileReference; lastKnownFileType = wrapper.scnassets; path = art.scnassets; sourceTree = "<group>"; };
		254974A81A866091000DBF06 /* Images.xcassets */ = {isa = PBXFileReference; lastKnownFileType = folder.assetcatalog; path = Images.xcassets; sourceTree = "<group>"; };
		254974AB1A866091000DBF06 /* Base */ = {isa = PBXFileReference; lastKnownFileType = file.xib; name = Base; path = Base.lproj/MainMenu.xib; sourceTree = "<group>"; };
		254974B11A866091000DBF06 /* Tap-MacTests.xctest */ = {isa = PBXFileReference; explicitFileType = wrapper.cfbundle; includeInIndex = 0; path = "Tap-MacTests.xctest"; sourceTree = BUILT_PRODUCTS_DIR; };
		254974B61A866091000DBF06 /* Info.plist */ = {isa = PBXFileReference; lastKnownFileType = text.plist.xml; path = Info.plist; sourceTree = "<group>"; };
		254974B71A866091000DBF06 /* Tap_MacTests.m */ = {isa = PBXFileReference; lastKnownFileType = sourcecode.c.objc; path = Tap_MacTests.m; sourceTree = "<group>"; };
/* End PBXFileReference section */

/* Begin PBXFrameworksBuildPhase section */
		254974931A866090000DBF06 /* Frameworks */ = {
			isa = PBXFrameworksBuildPhase;
			buildActionMask = 2147483647;
			files = (
			);
			runOnlyForDeploymentPostprocessing = 0;
		};
		254974AE1A866091000DBF06 /* Frameworks */ = {
			isa = PBXFrameworksBuildPhase;
			buildActionMask = 2147483647;
			files = (
			);
			runOnlyForDeploymentPostprocessing = 0;
		};
/* End PBXFrameworksBuildPhase section */

/* Begin PBXGroup section */
		2549748D1A866090000DBF06 = {
			isa = PBXGroup;
			children = (
				254974981A866091000DBF06 /* Tap-Mac */,
				254974B41A866091000DBF06 /* Tap-MacTests */,
				254974971A866091000DBF06 /* Products */,
			);
			sourceTree = "<group>";
		};
		254974971A866091000DBF06 /* Products */ = {
			isa = PBXGroup;
			children = (
				254974961A866091000DBF06 /* Tap-Mac.app */,
				254974B11A866091000DBF06 /* Tap-MacTests.xctest */,
			);
			name = Products;
			sourceTree = "<group>";
		};
		254974981A866091000DBF06 /* Tap-Mac */ = {
			isa = PBXGroup;
			children = (
				2549749B1A866091000DBF06 /* AppDelegate.h */,
				2549749C1A866091000DBF06 /* AppDelegate.m */,
				254974A01A866091000DBF06 /* GameView.h */,
				254974A11A866091000DBF06 /* GameView.m */,
				254974A31A866091000DBF06 /* GameViewController.h */,
				254974A41A866091000DBF06 /* GameViewController.m */,
				254974A61A866091000DBF06 /* art.scnassets */,
				254974A81A866091000DBF06 /* Images.xcassets */,
				254974AA1A866091000DBF06 /* MainMenu.xib */,
				254974991A866091000DBF06 /* Supporting Files */,
			);
			path = "Tap-Mac";
			sourceTree = "<group>";
		};
		254974991A866091000DBF06 /* Supporting Files */ = {
			isa = PBXGroup;
			children = (
				2549749A1A866091000DBF06 /* Info.plist */,
				2549749E1A866091000DBF06 /* main.m */,
			);
			name = "Supporting Files";
			sourceTree = "<group>";
		};
		254974B41A866091000DBF06 /* Tap-MacTests */ = {
			isa = PBXGroup;
			children = (
				254974B71A866091000DBF06 /* Tap_MacTests.m */,
				254974B51A866091000DBF06 /* Supporting Files */,
			);
			path = "Tap-MacTests";
			sourceTree = "<group>";
		};
		254974B51A866091000DBF06 /* Supporting Files */ = {
			isa = PBXGroup;
			children = (
				254974B61A866091000DBF06 /* Info.plist */,
			);
			name = "Supporting Files";
			sourceTree = "<group>";
		};
/* End PBXGroup section */

/* Begin PBXNativeTarget section */
		254974951A866090000DBF06 /* Tap-Mac */ = {
			isa = PBXNativeTarget;
			buildConfigurationList = 254974BB1A866091000DBF06 /* Build configuration list for PBXNativeTarget "Tap-Mac" */;
			buildPhases = (
				254974921A866090000DBF06 /* Sources */,
				254974931A866090000DBF06 /* Frameworks */,
				254974941A866090000DBF06 /* Resources */,
			);
			buildRules = (
			);
			dependencies = (
			);
			name = "Tap-Mac";
			productName = "Tap-Mac";
			productReference = 254974961A866091000DBF06 /* Tap-Mac.app */;
			productType = "com.apple.product-type.application";
		};
		254974B01A866091000DBF06 /* Tap-MacTests */ = {
			isa = PBXNativeTarget;
			buildConfigurationList = 254974BE1A866091000DBF06 /* Build configuration list for PBXNativeTarget "Tap-MacTests" */;
			buildPhases = (
				254974AD1A866091000DBF06 /* Sources */,
				254974AE1A866091000DBF06 /* Frameworks */,
				254974AF1A866091000DBF06 /* Resources */,
			);
			buildRules = (
			);
			dependencies = (
				254974B31A866091000DBF06 /* PBXTargetDependency */,
			);
			name = "Tap-MacTests";
			productName = "Tap-MacTests";
			productReference = 254974B11A866091000DBF06 /* Tap-MacTests.xctest */;
			productType = "com.apple.product-type.bundle.unit-test";
		};
/* End PBXNativeTarget section */

/* Begin PBXProject section */
		2549748E1A866090000DBF06 /* Project object */ = {
			isa = PBXProject;
			attributes = {
				LastUpgradeCheck = 0610;
				ORGANIZATIONNAME = "Mike Dugan";
				TargetAttributes = {
					254974951A866090000DBF06 = {
						CreatedOnToolsVersion = 6.1.1;
					};
					254974B01A866091000DBF06 = {
						CreatedOnToolsVersion = 6.1.1;
						TestTargetID = 254974951A866090000DBF06;
					};
				};
			};
			buildConfigurationList = 254974911A866090000DBF06 /* Build configuration list for PBXProject "Tap-Mac" */;
			compatibilityVersion = "Xcode 3.2";
			developmentRegion = English;
			hasScannedForEncodings = 0;
			knownRegions = (
				en,
				Base,
			);
			mainGroup = 2549748D1A866090000DBF06;
			productRefGroup = 254974971A866091000DBF06 /* Products */;
			projectDirPath = "";
			projectRoot = "";
			targets = (
				254974951A866090000DBF06 /* Tap-Mac */,
				254974B01A866091000DBF06 /* Tap-MacTests */,
			);
		};
/* End PBXProject section */

/* Begin PBXResourcesBuildPhase section */
		254974941A866090000DBF06 /* Resources */ = {
			isa = PBXResourcesBuildPhase;
			buildActionMask = 2147483647;
			files = (
				254974A71A866091000DBF06 /* art.scnassets in Resources */,
				254974A91A866091000DBF06 /* Images.xcassets in Resources */,
				254974AC1A866091000DBF06 /* MainMenu.xib in Resources */,
			);
			runOnlyForDeploymentPostprocessing = 0;
		};
		254974AF1A866091000DBF06 /* Resources */ = {
			isa = PBXResourcesBuildPhase;
			buildActionMask = 2147483647;
			files = (
			);
			runOnlyForDeploymentPostprocessing = 0;
		};
/* End PBXResourcesBuildPhase section */

/* Begin PBXSourcesBuildPhase section */
		254974921A866090000DBF06 /* Sources */ = {
			isa = PBXSourcesBuildPhase;
			buildActionMask = 2147483647;
			files = (
				254974A51A866091000DBF06 /* GameViewController.m in Sources */,
				254974A21A866091000DBF06 /* GameView.m in Sources */,
				2549749F1A866091000DBF06 /* main.m in Sources */,
				2549749D1A866091000DBF06 /* AppDelegate.m in Sources */,
			);
			runOnlyForDeploymentPostprocessing = 0;
		};
		254974AD1A866091000DBF06 /* Sources */ = {
			isa = PBXSourcesBuildPhase;
			buildActionMask = 2147483647;
			files = (
				254974B81A866091000DBF06 /* Tap_MacTests.m in Sources */,
			);
			runOnlyForDeploymentPostprocessing = 0;
		};
/* End PBXSourcesBuildPhase section */

/* Begin PBXTargetDependency section */
		254974B31A866091000DBF06 /* PBXTargetDependency */ = {
			isa = PBXTargetDependency;
			target = 254974951A866090000DBF06 /* Tap-Mac */;
			targetProxy = 254974B21A866091000DBF06 /* PBXContainerItemProxy */;
		};
/* End PBXTargetDependency section */

/* Begin PBXVariantGroup section */
		254974AA1A866091000DBF06 /* MainMenu.xib */ = {
			isa = PBXVariantGroup;
			children = (
				254974AB1A866091000DBF06 /* Base */,
			);
			name = MainMenu.xib;
			sourceTree = "<group>";
		};
/* End PBXVariantGroup section */

/* Begin XCBuildConfiguration section */
		254974B91A866091000DBF06 /* Debug */ = {
			isa = XCBuildConfiguration;
			buildSettings = {
				ALWAYS_SEARCH_USER_PATHS = NO;
				CLANG_CXX_LANGUAGE_STANDARD = "gnu++0x";
				CLANG_CXX_LIBRARY = "libc++";
				CLANG_ENABLE_MODULES = YES;
				CLANG_ENABLE_OBJC_ARC = YES;
				CLANG_WARN_BOOL_CONVERSION = YES;
				CLANG_WARN_CONSTANT_CONVERSION = YES;
				CLANG_WARN_DIRECT_OBJC_ISA_USAGE = YES_ERROR;
				CLANG_WARN_EMPTY_BODY = YES;
				CLANG_WARN_ENUM_CONVERSION = YES;
				CLANG_WARN_INT_CONVERSION = YES;
				CLANG_WARN_OBJC_ROOT_CLASS = YES_ERROR;
				CLANG_WARN_UNREACHABLE_CODE = YES;
				CLANG_WARN__DUPLICATE_METHOD_MATCH = YES;
				CODE_SIGN_IDENTITY = "-";
				COPY_PHASE_STRIP = NO;
				ENABLE_STRICT_OBJC_MSGSEND = YES;
				GCC_C_LANGUAGE_STANDARD = gnu99;
				GCC_DYNAMIC_NO_PIC = NO;
				GCC_OPTIMIZATION_LEVEL = 0;
				GCC_PREPROCESSOR_DEFINITIONS = (
					"DEBUG=1",
					"$(inherited)",
				);
				GCC_SYMBOLS_PRIVATE_EXTERN = NO;
				GCC_WARN_64_TO_32_BIT_CONVERSION = YES;
				GCC_WARN_ABOUT_RETURN_TYPE = YES_ERROR;
				GCC_WARN_UNDECLARED_SELECTOR = YES;
				GCC_WARN_UNINITIALIZED_AUTOS = YES_AGGRESSIVE;
				GCC_WARN_UNUSED_FUNCTION = YES;
				GCC_WARN_UNUSED_VARIABLE = YES;
				MACOSX_DEPLOYMENT_TARGET = 10.10;
				MTL_ENABLE_DEBUG_INFO = YES;
				ONLY_ACTIVE_ARCH = YES;
				SDKROOT = macosx;
			};
			name = Debug;
		};
		254974BA1A866091000DBF06 /* Release */ = {
			isa = XCBuildConfiguration;
			buildSettings = {
				ALWAYS_SEARCH_USER_PATHS = NO;
				CLANG_CXX_LANGUAGE_STANDARD = "gnu++0x";
				CLANG_CXX_LIBRARY = "libc++";
				CLANG_ENABLE_MODULES = YES;
				CLANG_ENABLE_OBJC_ARC = YES;
				CLANG_WARN_BOOL_CONVERSION = YES;
				CLANG_WARN_CONSTANT_CONVERSION = YES;
				CLANG_WARN_DIRECT_OBJC_ISA_USAGE = YES_ERROR;
				CLANG_WARN_EMPTY_BODY = YES;
				CLANG_WARN_ENUM_CONVERSION = YES;
				CLANG_WARN_INT_CONVERSION = YES;
				CLANG_WARN_OBJC_ROOT_CLASS = YES_ERROR;
				CLANG_WARN_UNREACHABLE_CODE = YES;
				CLANG_WARN__DUPLICATE_METHOD_MATCH = YES;
				CODE_SIGN_IDENTITY = "-";
				COPY_PHASE_STRIP = YES;
				DEBUG_INFORMATION_FORMAT = "dwarf-with-dsym";
				ENABLE_NS_ASSERTIONS = NO;
				ENABLE_STRICT_OBJC_MSGSEND = YES;
				GCC_C_LANGUAGE_STANDARD = gnu99;
				GCC_WARN_64_TO_32_BIT_CONVERSION = YES;
				GCC_WARN_ABOUT_RETURN_TYPE = YES_ERROR;
				GCC_WARN_UNDECLARED_SELECTOR = YES;
				GCC_WARN_UNINITIALIZED_AUTOS = YES_AGGRESSIVE;
				GCC_WARN_UNUSED_FUNCTION = YES;
				GCC_WARN_UNUSED_VARIABLE = YES;
				MACOSX_DEPLOYMENT_TARGET = 10.10;
				MTL_ENABLE_DEBUG_INFO = NO;
				SDKROOT = macosx;
			};
			name = Release;
		};
		254974BC1A866091000DBF06 /* Debug */ = {
			isa = XCBuildConfiguration;
			buildSettings = {
				ASSETCATALOG_COMPILER_APPICON_NAME = AppIcon;
				COMBINE_HIDPI_IMAGES = YES;
				INFOPLIST_FILE = "Tap-Mac/Info.plist";
				LD_RUNPATH_SEARCH_PATHS = "$(inherited) @executable_path/../Frameworks";
				PRODUCT_NAME = "$(TARGET_NAME)";
			};
			name = Debug;
		};
		254974BD1A866091000DBF06 /* Release */ = {
			isa = XCBuildConfiguration;
			buildSettings = {
				ASSETCATALOG_COMPILER_APPICON_NAME = AppIcon;
				COMBINE_HIDPI_IMAGES = YES;
				INFOPLIST_FILE = "Tap-Mac/Info.plist";
				LD_RUNPATH_SEARCH_PATHS = "$(inherited) @executable_path/../Frameworks";
				PRODUCT_NAME = "$(TARGET_NAME)";
			};
			name = Release;
		};
		254974BF1A866091000DBF06 /* Debug */ = {
			isa = XCBuildConfiguration;
			buildSettings = {
				BUNDLE_LOADER = "$(TEST_HOST)";
				COMBINE_HIDPI_IMAGES = YES;
				FRAMEWORK_SEARCH_PATHS = (
					"$(DEVELOPER_FRAMEWORKS_DIR)",
					"$(inherited)",
				);
				GCC_PREPROCESSOR_DEFINITIONS = (
					"DEBUG=1",
					"$(inherited)",
				);
				INFOPLIST_FILE = "Tap-MacTests/Info.plist";
				LD_RUNPATH_SEARCH_PATHS = "$(inherited) @executable_path/../Frameworks @loader_path/../Frameworks";
				PRODUCT_NAME = "$(TARGET_NAME)";
				TEST_HOST = "$(BUILT_PRODUCTS_DIR)/Tap-Mac.app/Contents/MacOS/Tap-Mac";
			};
			name = Debug;
		};
		254974C01A866091000DBF06 /* Release */ = {
			isa = XCBuildConfiguration;
			buildSettings = {
				BUNDLE_LOADER = "$(TEST_HOST)";
				COMBINE_HIDPI_IMAGES = YES;
				FRAMEWORK_SEARCH_PATHS = (
					"$(DEVELOPER_FRAMEWORKS_DIR)",
					"$(inherited)",
				);
				INFOPLIST_FILE = "Tap-MacTests/Info.plist";
				LD_RUNPATH_SEARCH_PATHS = "$(inherited) @executable_path/../Frameworks @loader_path/../Frameworks";
				PRODUCT_NAME = "$(TARGET_NAME)";
				TEST_HOST = "$(BUILT_PRODUCTS_DIR)/Tap-Mac.app/Contents/MacOS/Tap-Mac";
			};
			name = Release;
		};
/* End XCBuildConfiguration section */

/* Begin XCConfigurationList section */
		254974911A866090000DBF06 /* Build configuration list for PBXProject "Tap-Mac" */ = {
			isa = XCConfigurationList;
			buildConfigurations = (
				254974B91A866091000DBF06 /* Debug */,
				254974BA1A866091000DBF06 /* Release */,
			);
			defaultConfigurationIsVisible = 0;
			defaultConfigurationName = Release;
		};
		254974BB1A866091000DBF06 /* Build configuration list for PBXNativeTarget "Tap-Mac" */ = {
			isa = XCConfigurationList;
			buildConfigurations = (
				254974BC1A866091000DBF06 /* Debug */,
				254974BD1A866091000DBF06 /* Release */,
			);
			defaultConfigurationIsVisible = 0;
		};
		254974BE1A866091000DBF06 /* Build configuration list for PBXNativeTarget "Tap-MacTests" */ = {
			isa = XCConfigurationList;
			buildConfigurations = (
				254974BF1A866091000DBF06 /* Debug */,
				254974C01A866091000DBF06 /* Release */,
			);
			defaultConfigurationIsVisible = 0;
		};
/* End XCConfigurationList section */
	};
	rootObject = 2549748E1A866090000DBF06 /* Project object */;
}
